// !$*UTF8*$!
{
	archiveVersion = 1;
	classes = {
	};
	objectVersion = 46;
	objects = {

/* Begin PBXBuildFile section */
		07DDC4DC3830A9280C31679A /* libPods-Phun App.a in Frameworks */ = {isa = PBXBuildFile; fileRef = 7EC54367B897F1878A570804 /* libPods-Phun App.a */; };
		A26E544F1CB5AB1500D80C89 /* main.m in Sources */ = {isa = PBXBuildFile; fileRef = A26E544E1CB5AB1500D80C89 /* main.m */; };
		A26E54521CB5AB1500D80C89 /* AppDelegate.m in Sources */ = {isa = PBXBuildFile; fileRef = A26E54511CB5AB1500D80C89 /* AppDelegate.m */; };
		A26E54581CB5AB1500D80C89 /* Main.storyboard in Resources */ = {isa = PBXBuildFile; fileRef = A26E54561CB5AB1500D80C89 /* Main.storyboard */; };
		A26E545A1CB5AB1500D80C89 /* Assets.xcassets in Resources */ = {isa = PBXBuildFile; fileRef = A26E54591CB5AB1500D80C89 /* Assets.xcassets */; };
		A26E545D1CB5AB1500D80C89 /* LaunchScreen.storyboard in Resources */ = {isa = PBXBuildFile; fileRef = A26E545B1CB5AB1500D80C89 /* LaunchScreen.storyboard */; };
		A26E54681CB5AB1600D80C89 /* Phun_AppTests.m in Sources */ = {isa = PBXBuildFile; fileRef = A26E54671CB5AB1600D80C89 /* Phun_AppTests.m */; };
		A26E54731CB5AB1600D80C89 /* Phun_AppUITests.m in Sources */ = {isa = PBXBuildFile; fileRef = A26E54721CB5AB1600D80C89 /* Phun_AppUITests.m */; };
		A26E54841CB5AEE300D80C89 /* APSAPIClient.m in Sources */ = {isa = PBXBuildFile; fileRef = A26E54831CB5AEE300D80C89 /* APSAPIClient.m */; };
		A26E54881CB5B22900D80C89 /* APSFeedViewController.m in Sources */ = {isa = PBXBuildFile; fileRef = A26E54871CB5B22900D80C89 /* APSFeedViewController.m */; };
		A26E54971CB5B55E00D80C89 /* APSFeedCollectionViewCell.m in Sources */ = {isa = PBXBuildFile; fileRef = A26E54951CB5B55E00D80C89 /* APSFeedCollectionViewCell.m */; };
		A26E54981CB5B55E00D80C89 /* APSFeedCollectionViewCell.xib in Resources */ = {isa = PBXBuildFile; fileRef = A26E54961CB5B55E00D80C89 /* APSFeedCollectionViewCell.xib */; };
		A26E549C1CB5BBCB00D80C89 /* APSFormatter.m in Sources */ = {isa = PBXBuildFile; fileRef = A26E549B1CB5BBCB00D80C89 /* APSFormatter.m */; };
		A26E54A11CB5BE1600D80C89 /* Model.xcdatamodeld in Sources */ = {isa = PBXBuildFile; fileRef = A26E549F1CB5BE1600D80C89 /* Model.xcdatamodeld */; };
		A26E54A61CB5C42600D80C89 /* _APSMission.m in Sources */ = {isa = PBXBuildFile; fileRef = A26E54A31CB5C42600D80C89 /* _APSMission.m */; };
		A26E54A71CB5C42600D80C89 /* APSMission.m in Sources */ = {isa = PBXBuildFile; fileRef = A26E54A51CB5C42600D80C89 /* APSMission.m */; };
		A26E54AB1CB5DEBD00D80C89 /* APSDetailViewController.m in Sources */ = {isa = PBXBuildFile; fileRef = A26E54AA1CB5DEBD00D80C89 /* APSDetailViewController.m */; };
		A26E54AF1CB5E05900D80C89 /* APSGradientView.m in Sources */ = {isa = PBXBuildFile; fileRef = A26E54AE1CB5E05900D80C89 /* APSGradientView.m */; };
/* End PBXBuildFile section */

/* Begin PBXContainerItemProxy section */
		A26E54641CB5AB1600D80C89 /* PBXContainerItemProxy */ = {
			isa = PBXContainerItemProxy;
			containerPortal = A26E54421CB5AB1500D80C89 /* Project object */;
			proxyType = 1;
			remoteGlobalIDString = A26E54491CB5AB1500D80C89;
			remoteInfo = "Phun App";
		};
		A26E546F1CB5AB1600D80C89 /* PBXContainerItemProxy */ = {
			isa = PBXContainerItemProxy;
			containerPortal = A26E54421CB5AB1500D80C89 /* Project object */;
			proxyType = 1;
			remoteGlobalIDString = A26E54491CB5AB1500D80C89;
			remoteInfo = "Phun App";
		};
/* End PBXContainerItemProxy section */

/* Begin PBXFileReference section */
		24C5566828FEBF86D8FB43C9 /* Pods-Phun App.release.xcconfig */ = {isa = PBXFileReference; includeInIndex = 1; lastKnownFileType = text.xcconfig; name = "Pods-Phun App.release.xcconfig"; path = "Pods/Target Support Files/Pods-Phun App/Pods-Phun App.release.xcconfig"; sourceTree = "<group>"; };
		7EC54367B897F1878A570804 /* libPods-Phun App.a */ = {isa = PBXFileReference; explicitFileType = archive.ar; includeInIndex = 0; path = "libPods-Phun App.a"; sourceTree = BUILT_PRODUCTS_DIR; };
		A26E544A1CB5AB1500D80C89 /* Phun App.app */ = {isa = PBXFileReference; explicitFileType = wrapper.application; includeInIndex = 0; path = "Phun App.app"; sourceTree = BUILT_PRODUCTS_DIR; };
		A26E544E1CB5AB1500D80C89 /* main.m */ = {isa = PBXFileReference; lastKnownFileType = sourcecode.c.objc; path = main.m; sourceTree = "<group>"; };
		A26E54501CB5AB1500D80C89 /* AppDelegate.h */ = {isa = PBXFileReference; lastKnownFileType = sourcecode.c.h; path = AppDelegate.h; sourceTree = "<group>"; };
		A26E54511CB5AB1500D80C89 /* AppDelegate.m */ = {isa = PBXFileReference; lastKnownFileType = sourcecode.c.objc; path = AppDelegate.m; sourceTree = "<group>"; };
		A26E54571CB5AB1500D80C89 /* Base */ = {isa = PBXFileReference; lastKnownFileType = file.storyboard; name = Base; path = Base.lproj/Main.storyboard; sourceTree = "<group>"; };
		A26E54591CB5AB1500D80C89 /* Assets.xcassets */ = {isa = PBXFileReference; lastKnownFileType = folder.assetcatalog; path = Assets.xcassets; sourceTree = "<group>"; };
		A26E545C1CB5AB1500D80C89 /* Base */ = {isa = PBXFileReference; lastKnownFileType = file.storyboard; name = Base; path = Base.lproj/LaunchScreen.storyboard; sourceTree = "<group>"; };
		A26E545E1CB5AB1500D80C89 /* Info.plist */ = {isa = PBXFileReference; lastKnownFileType = text.plist.xml; path = Info.plist; sourceTree = "<group>"; };
		A26E54631CB5AB1600D80C89 /* Phun AppTests.xctest */ = {isa = PBXFileReference; explicitFileType = wrapper.cfbundle; includeInIndex = 0; path = "Phun AppTests.xctest"; sourceTree = BUILT_PRODUCTS_DIR; };
		A26E54671CB5AB1600D80C89 /* Phun_AppTests.m */ = {isa = PBXFileReference; lastKnownFileType = sourcecode.c.objc; path = Phun_AppTests.m; sourceTree = "<group>"; };
		A26E54691CB5AB1600D80C89 /* Info.plist */ = {isa = PBXFileReference; lastKnownFileType = text.plist.xml; path = Info.plist; sourceTree = "<group>"; };
		A26E546E1CB5AB1600D80C89 /* Phun AppUITests.xctest */ = {isa = PBXFileReference; explicitFileType = wrapper.cfbundle; includeInIndex = 0; path = "Phun AppUITests.xctest"; sourceTree = BUILT_PRODUCTS_DIR; };
		A26E54721CB5AB1600D80C89 /* Phun_AppUITests.m */ = {isa = PBXFileReference; lastKnownFileType = sourcecode.c.objc; path = Phun_AppUITests.m; sourceTree = "<group>"; };
		A26E54741CB5AB1600D80C89 /* Info.plist */ = {isa = PBXFileReference; lastKnownFileType = text.plist.xml; path = Info.plist; sourceTree = "<group>"; };
		A26E54821CB5AEE300D80C89 /* APSAPIClient.h */ = {isa = PBXFileReference; fileEncoding = 4; lastKnownFileType = sourcecode.c.h; path = APSAPIClient.h; sourceTree = "<group>"; };
		A26E54831CB5AEE300D80C89 /* APSAPIClient.m */ = {isa = PBXFileReference; fileEncoding = 4; lastKnownFileType = sourcecode.c.objc; path = APSAPIClient.m; sourceTree = "<group>"; };
		A26E54861CB5B22900D80C89 /* APSFeedViewController.h */ = {isa = PBXFileReference; fileEncoding = 4; lastKnownFileType = sourcecode.c.h; path = APSFeedViewController.h; sourceTree = "<group>"; };
		A26E54871CB5B22900D80C89 /* APSFeedViewController.m */ = {isa = PBXFileReference; fileEncoding = 4; lastKnownFileType = sourcecode.c.objc; path = APSFeedViewController.m; sourceTree = "<group>"; };
		A26E54941CB5B55E00D80C89 /* APSFeedCollectionViewCell.h */ = {isa = PBXFileReference; fileEncoding = 4; lastKnownFileType = sourcecode.c.h; path = APSFeedCollectionViewCell.h; sourceTree = "<group>"; };
		A26E54951CB5B55E00D80C89 /* APSFeedCollectionViewCell.m */ = {isa = PBXFileReference; fileEncoding = 4; lastKnownFileType = sourcecode.c.objc; path = APSFeedCollectionViewCell.m; sourceTree = "<group>"; };
		A26E54961CB5B55E00D80C89 /* APSFeedCollectionViewCell.xib */ = {isa = PBXFileReference; fileEncoding = 4; lastKnownFileType = file.xib; path = APSFeedCollectionViewCell.xib; sourceTree = "<group>"; };
		A26E549A1CB5BBCB00D80C89 /* APSFormatter.h */ = {isa = PBXFileReference; fileEncoding = 4; lastKnownFileType = sourcecode.c.h; path = APSFormatter.h; sourceTree = "<group>"; };
		A26E549B1CB5BBCB00D80C89 /* APSFormatter.m */ = {isa = PBXFileReference; fileEncoding = 4; lastKnownFileType = sourcecode.c.objc; path = APSFormatter.m; sourceTree = "<group>"; };
		A26E54A01CB5BE1600D80C89 /* Model.xcdatamodel */ = {isa = PBXFileReference; lastKnownFileType = wrapper.xcdatamodel; path = Model.xcdatamodel; sourceTree = "<group>"; };
		A26E54A21CB5C42600D80C89 /* _APSMission.h */ = {isa = PBXFileReference; fileEncoding = 4; lastKnownFileType = sourcecode.c.h; path = _APSMission.h; sourceTree = "<group>"; };
		A26E54A31CB5C42600D80C89 /* _APSMission.m */ = {isa = PBXFileReference; fileEncoding = 4; lastKnownFileType = sourcecode.c.objc; path = _APSMission.m; sourceTree = "<group>"; };
		A26E54A41CB5C42600D80C89 /* APSMission.h */ = {isa = PBXFileReference; fileEncoding = 4; lastKnownFileType = sourcecode.c.h; path = APSMission.h; sourceTree = "<group>"; };
		A26E54A51CB5C42600D80C89 /* APSMission.m */ = {isa = PBXFileReference; fileEncoding = 4; lastKnownFileType = sourcecode.c.objc; path = APSMission.m; sourceTree = "<group>"; };
		A26E54A91CB5DEBD00D80C89 /* APSDetailViewController.h */ = {isa = PBXFileReference; fileEncoding = 4; lastKnownFileType = sourcecode.c.h; path = APSDetailViewController.h; sourceTree = "<group>"; };
		A26E54AA1CB5DEBD00D80C89 /* APSDetailViewController.m */ = {isa = PBXFileReference; fileEncoding = 4; lastKnownFileType = sourcecode.c.objc; path = APSDetailViewController.m; sourceTree = "<group>"; };
		A26E54AD1CB5E05900D80C89 /* APSGradientView.h */ = {isa = PBXFileReference; fileEncoding = 4; lastKnownFileType = sourcecode.c.h; path = APSGradientView.h; sourceTree = "<group>"; };
		A26E54AE1CB5E05900D80C89 /* APSGradientView.m */ = {isa = PBXFileReference; fileEncoding = 4; lastKnownFileType = sourcecode.c.objc; path = APSGradientView.m; sourceTree = "<group>"; };
		A4483F80D9E80547D1E50358 /* Pods-Phun App.debug.xcconfig */ = {isa = PBXFileReference; includeInIndex = 1; lastKnownFileType = text.xcconfig; name = "Pods-Phun App.debug.xcconfig"; path = "Pods/Target Support Files/Pods-Phun App/Pods-Phun App.debug.xcconfig"; sourceTree = "<group>"; };
/* End PBXFileReference section */

/* Begin PBXFrameworksBuildPhase section */
		A26E54471CB5AB1500D80C89 /* Frameworks */ = {
			isa = PBXFrameworksBuildPhase;
			buildActionMask = 2147483647;
			files = (
				07DDC4DC3830A9280C31679A /* libPods-Phun App.a in Frameworks */,
			);
			runOnlyForDeploymentPostprocessing = 0;
		};
		A26E54601CB5AB1600D80C89 /* Frameworks */ = {
			isa = PBXFrameworksBuildPhase;
			buildActionMask = 2147483647;
			files = (
			);
			runOnlyForDeploymentPostprocessing = 0;
		};
		A26E546B1CB5AB1600D80C89 /* Frameworks */ = {
			isa = PBXFrameworksBuildPhase;
			buildActionMask = 2147483647;
			files = (
			);
			runOnlyForDeploymentPostprocessing = 0;
		};
/* End PBXFrameworksBuildPhase section */

/* Begin PBXGroup section */
		64B588A9A3A908D8CD00B875 /* Pods */ = {
			isa = PBXGroup;
			children = (
				A4483F80D9E80547D1E50358 /* Pods-Phun App.debug.xcconfig */,
				24C5566828FEBF86D8FB43C9 /* Pods-Phun App.release.xcconfig */,
			);
			name = Pods;
			sourceTree = "<group>";
		};
		A26E54411CB5AB1500D80C89 = {
			isa = PBXGroup;
			children = (
				A26E544C1CB5AB1500D80C89 /* Phun App */,
				A26E54661CB5AB1600D80C89 /* Phun AppTests */,
				A26E54711CB5AB1600D80C89 /* Phun AppUITests */,
				A26E544B1CB5AB1500D80C89 /* Products */,
				64B588A9A3A908D8CD00B875 /* Pods */,
				D196417C0FC8D1F466DC5185 /* Frameworks */,
			);
			sourceTree = "<group>";
		};
		A26E544B1CB5AB1500D80C89 /* Products */ = {
			isa = PBXGroup;
			children = (
				A26E544A1CB5AB1500D80C89 /* Phun App.app */,
				A26E54631CB5AB1600D80C89 /* Phun AppTests.xctest */,
				A26E546E1CB5AB1600D80C89 /* Phun AppUITests.xctest */,
			);
			name = Products;
			sourceTree = "<group>";
		};
		A26E544C1CB5AB1500D80C89 /* Phun App */ = {
			isa = PBXGroup;
			children = (
				A26E54AC1CB5E04000D80C89 /* Views */,
				A26E549E1CB5BDFD00D80C89 /* Model */,
				A26E54991CB5BBBC00D80C89 /* Utilities */,
				A26E54811CB5AEBC00D80C89 /* Networking */,
				A26E54801CB5ACC100D80C89 /* View Controllers */,
				A26E54501CB5AB1500D80C89 /* AppDelegate.h */,
				A26E54511CB5AB1500D80C89 /* AppDelegate.m */,
				A26E54591CB5AB1500D80C89 /* Assets.xcassets */,
				A26E545E1CB5AB1500D80C89 /* Info.plist */,
				A26E544D1CB5AB1500D80C89 /* Supporting Files */,
			);
			path = "Phun App";
			sourceTree = "<group>";
		};
		A26E544D1CB5AB1500D80C89 /* Supporting Files */ = {
			isa = PBXGroup;
			children = (
				A26E544E1CB5AB1500D80C89 /* main.m */,
			);
			name = "Supporting Files";
			sourceTree = "<group>";
		};
		A26E54661CB5AB1600D80C89 /* Phun AppTests */ = {
			isa = PBXGroup;
			children = (
				A26E54671CB5AB1600D80C89 /* Phun_AppTests.m */,
				A26E54691CB5AB1600D80C89 /* Info.plist */,
			);
			path = "Phun AppTests";
			sourceTree = "<group>";
		};
		A26E54711CB5AB1600D80C89 /* Phun AppUITests */ = {
			isa = PBXGroup;
			children = (
				A26E54721CB5AB1600D80C89 /* Phun_AppUITests.m */,
				A26E54741CB5AB1600D80C89 /* Info.plist */,
			);
			path = "Phun AppUITests";
			sourceTree = "<group>";
		};
		A26E54801CB5ACC100D80C89 /* View Controllers */ = {
			isa = PBXGroup;
			children = (
				A26E54A81CB5DEAC00D80C89 /* DetailViewController */,
				A26E54851CB5B21A00D80C89 /* FeedViewController */,
			);
			path = "View Controllers";
			sourceTree = "<group>";
		};
		A26E54811CB5AEBC00D80C89 /* Networking */ = {
			isa = PBXGroup;
			children = (
				A26E54821CB5AEE300D80C89 /* APSAPIClient.h */,
				A26E54831CB5AEE300D80C89 /* APSAPIClient.m */,
			);
			path = Networking;
			sourceTree = "<group>";
		};
		A26E54851CB5B21A00D80C89 /* FeedViewController */ = {
			isa = PBXGroup;
			children = (
				A26E54861CB5B22900D80C89 /* APSFeedViewController.h */,
				A26E54871CB5B22900D80C89 /* APSFeedViewController.m */,
				A26E54941CB5B55E00D80C89 /* APSFeedCollectionViewCell.h */,
				A26E54951CB5B55E00D80C89 /* APSFeedCollectionViewCell.m */,
				A26E54961CB5B55E00D80C89 /* APSFeedCollectionViewCell.xib */,
			);
			path = FeedViewController;
			sourceTree = "<group>";
		};
		A26E54991CB5BBBC00D80C89 /* Utilities */ = {
			isa = PBXGroup;
			children = (
				A26E549A1CB5BBCB00D80C89 /* APSFormatter.h */,
				A26E549B1CB5BBCB00D80C89 /* APSFormatter.m */,
			);
			path = Utilities;
			sourceTree = "<group>";
		};
		A26E549E1CB5BDFD00D80C89 /* Model */ = {
			isa = PBXGroup;
			children = (
				A26E54A21CB5C42600D80C89 /* _APSMission.h */,
				A26E54A31CB5C42600D80C89 /* _APSMission.m */,
				A26E54A41CB5C42600D80C89 /* APSMission.h */,
				A26E54A51CB5C42600D80C89 /* APSMission.m */,
				A26E549F1CB5BE1600D80C89 /* Model.xcdatamodeld */,
			);
			path = Model;
			sourceTree = "<group>";
		};
		A26E54A81CB5DEAC00D80C89 /* DetailViewController */ = {
			isa = PBXGroup;
			children = (
				A26E54A91CB5DEBD00D80C89 /* APSDetailViewController.h */,
				A26E54AA1CB5DEBD00D80C89 /* APSDetailViewController.m */,
			);
			path = DetailViewController;
			sourceTree = "<group>";
		};
		A26E54AC1CB5E04000D80C89 /* Views */ = {
			isa = PBXGroup;
			children = (
				A26E54561CB5AB1500D80C89 /* Main.storyboard */,
				A26E545B1CB5AB1500D80C89 /* LaunchScreen.storyboard */,
				A26E54AD1CB5E05900D80C89 /* APSGradientView.h */,
				A26E54AE1CB5E05900D80C89 /* APSGradientView.m */,
			);
			path = Views;
			sourceTree = "<group>";
		};
		D196417C0FC8D1F466DC5185 /* Frameworks */ = {
			isa = PBXGroup;
			children = (
				7EC54367B897F1878A570804 /* libPods-Phun App.a */,
			);
			name = Frameworks;
			sourceTree = "<group>";
		};
/* End PBXGroup section */

/* Begin PBXNativeTarget section */
		A26E54491CB5AB1500D80C89 /* Phun App */ = {
			isa = PBXNativeTarget;
			buildConfigurationList = A26E54771CB5AB1600D80C89 /* Build configuration list for PBXNativeTarget "Phun App" */;
			buildPhases = (
				324E6D9DC046A2EDDEA1B85B /* Check Pods Manifest.lock */,
				A26E54461CB5AB1500D80C89 /* Sources */,
				A26E54471CB5AB1500D80C89 /* Frameworks */,
				A26E54481CB5AB1500D80C89 /* Resources */,
				675FD31C916AA61A16747030 /* Embed Pods Frameworks */,
				1A55344B071D10D0AC47BE8A /* Copy Pods Resources */,
			);
			buildRules = (
			);
			dependencies = (
			);
			name = "Phun App";
			productName = "Phun App";
			productReference = A26E544A1CB5AB1500D80C89 /* Phun App.app */;
			productType = "com.apple.product-type.application";
		};
		A26E54621CB5AB1600D80C89 /* Phun AppTests */ = {
			isa = PBXNativeTarget;
			buildConfigurationList = A26E547A1CB5AB1600D80C89 /* Build configuration list for PBXNativeTarget "Phun AppTests" */;
			buildPhases = (
				A26E545F1CB5AB1600D80C89 /* Sources */,
				A26E54601CB5AB1600D80C89 /* Frameworks */,
				A26E54611CB5AB1600D80C89 /* Resources */,
			);
			buildRules = (
			);
			dependencies = (
				A26E54651CB5AB1600D80C89 /* PBXTargetDependency */,
			);
			name = "Phun AppTests";
			productName = "Phun AppTests";
			productReference = A26E54631CB5AB1600D80C89 /* Phun AppTests.xctest */;
			productType = "com.apple.product-type.bundle.unit-test";
		};
		A26E546D1CB5AB1600D80C89 /* Phun AppUITests */ = {
			isa = PBXNativeTarget;
			buildConfigurationList = A26E547D1CB5AB1600D80C89 /* Build configuration list for PBXNativeTarget "Phun AppUITests" */;
			buildPhases = (
				A26E546A1CB5AB1600D80C89 /* Sources */,
				A26E546B1CB5AB1600D80C89 /* Frameworks */,
				A26E546C1CB5AB1600D80C89 /* Resources */,
			);
			buildRules = (
			);
			dependencies = (
				A26E54701CB5AB1600D80C89 /* PBXTargetDependency */,
			);
			name = "Phun AppUITests";
			productName = "Phun AppUITests";
			productReference = A26E546E1CB5AB1600D80C89 /* Phun AppUITests.xctest */;
			productType = "com.apple.product-type.bundle.ui-testing";
		};
/* End PBXNativeTarget section */

/* Begin PBXProject section */
		A26E54421CB5AB1500D80C89 /* Project object */ = {
			isa = PBXProject;
			attributes = {
				CLASSPREFIX = APS;
				LastUpgradeCheck = 0730;
				ORGANIZATIONNAME = Applaudo;
				TargetAttributes = {
					A26E54491CB5AB1500D80C89 = {
						CreatedOnToolsVersion = 7.3;
					};
					A26E54621CB5AB1600D80C89 = {
						CreatedOnToolsVersion = 7.3;
						TestTargetID = A26E54491CB5AB1500D80C89;
					};
					A26E546D1CB5AB1600D80C89 = {
						CreatedOnToolsVersion = 7.3;
						TestTargetID = A26E54491CB5AB1500D80C89;
					};
				};
			};
			buildConfigurationList = A26E54451CB5AB1500D80C89 /* Build configuration list for PBXProject "Phun App" */;
			compatibilityVersion = "Xcode 3.2";
			developmentRegion = English;
			hasScannedForEncodings = 0;
			knownRegions = (
				en,
				Base,
			);
			mainGroup = A26E54411CB5AB1500D80C89;
			productRefGroup = A26E544B1CB5AB1500D80C89 /* Products */;
			projectDirPath = "";
			projectRoot = "";
			targets = (
				A26E54491CB5AB1500D80C89 /* Phun App */,
				A26E54621CB5AB1600D80C89 /* Phun AppTests */,
				A26E546D1CB5AB1600D80C89 /* Phun AppUITests */,
			);
		};
/* End PBXProject section */

/* Begin PBXResourcesBuildPhase section */
		A26E54481CB5AB1500D80C89 /* Resources */ = {
			isa = PBXResourcesBuildPhase;
			buildActionMask = 2147483647;
			files = (
				A26E545D1CB5AB1500D80C89 /* LaunchScreen.storyboard in Resources */,
				A26E54981CB5B55E00D80C89 /* APSFeedCollectionViewCell.xib in Resources */,
				A26E545A1CB5AB1500D80C89 /* Assets.xcassets in Resources */,
				A26E54581CB5AB1500D80C89 /* Main.storyboard in Resources */,
			);
			runOnlyForDeploymentPostprocessing = 0;
		};
		A26E54611CB5AB1600D80C89 /* Resources */ = {
			isa = PBXResourcesBuildPhase;
			buildActionMask = 2147483647;
			files = (
			);
			runOnlyForDeploymentPostprocessing = 0;
		};
		A26E546C1CB5AB1600D80C89 /* Resources */ = {
			isa = PBXResourcesBuildPhase;
			buildActionMask = 2147483647;
			files = (
			);
			runOnlyForDeploymentPostprocessing = 0;
		};
/* End PBXResourcesBuildPhase section */

/* Begin PBXShellScriptBuildPhase section */
		1A55344B071D10D0AC47BE8A /* Copy Pods Resources */ = {
			isa = PBXShellScriptBuildPhase;
			buildActionMask = 2147483647;
			files = (
			);
			inputPaths = (
			);
			name = "Copy Pods Resources";
			outputPaths = (
			);
			runOnlyForDeploymentPostprocessing = 0;
			shellPath = /bin/sh;
			shellScript = "\"${SRCROOT}/Pods/Target Support Files/Pods-Phun App/Pods-Phun App-resources.sh\"\n";
			showEnvVarsInLog = 0;
		};
		324E6D9DC046A2EDDEA1B85B /* Check Pods Manifest.lock */ = {
			isa = PBXShellScriptBuildPhase;
			buildActionMask = 2147483647;
			files = (
			);
			inputPaths = (
			);
			name = "Check Pods Manifest.lock";
			outputPaths = (
			);
			runOnlyForDeploymentPostprocessing = 0;
			shellPath = /bin/sh;
			shellScript = "diff \"${PODS_ROOT}/../Podfile.lock\" \"${PODS_ROOT}/Manifest.lock\" > /dev/null\nif [[ $? != 0 ]] ; then\n    cat << EOM\nerror: The sandbox is not in sync with the Podfile.lock. Run 'pod install' or update your CocoaPods installation.\nEOM\n    exit 1\nfi\n";
			showEnvVarsInLog = 0;
		};
		675FD31C916AA61A16747030 /* Embed Pods Frameworks */ = {
			isa = PBXShellScriptBuildPhase;
			buildActionMask = 2147483647;
			files = (
			);
			inputPaths = (
			);
			name = "Embed Pods Frameworks";
			outputPaths = (
			);
			runOnlyForDeploymentPostprocessing = 0;
			shellPath = /bin/sh;
			shellScript = "\"${SRCROOT}/Pods/Target Support Files/Pods-Phun App/Pods-Phun App-frameworks.sh\"\n";
			showEnvVarsInLog = 0;
		};
/* End PBXShellScriptBuildPhase section */

/* Begin PBXSourcesBuildPhase section */
		A26E54461CB5AB1500D80C89 /* Sources */ = {
			isa = PBXSourcesBuildPhase;
			buildActionMask = 2147483647;
			files = (
				A26E54521CB5AB1500D80C89 /* AppDelegate.m in Sources */,
				A26E54841CB5AEE300D80C89 /* APSAPIClient.m in Sources */,
				A26E54A11CB5BE1600D80C89 /* Model.xcdatamodeld in Sources */,
				A26E54A61CB5C42600D80C89 /* _APSMission.m in Sources */,
				A26E54AF1CB5E05900D80C89 /* APSGradientView.m in Sources */,
				A26E549C1CB5BBCB00D80C89 /* APSFormatter.m in Sources */,
				A26E544F1CB5AB1500D80C89 /* main.m in Sources */,
				A26E54881CB5B22900D80C89 /* APSFeedViewController.m in Sources */,
				A26E54971CB5B55E00D80C89 /* APSFeedCollectionViewCell.m in Sources */,
				A26E54A71CB5C42600D80C89 /* APSMission.m in Sources */,
				A26E54AB1CB5DEBD00D80C89 /* APSDetailViewController.m in Sources */,
			);
			runOnlyForDeploymentPostprocessing = 0;
		};
		A26E545F1CB5AB1600D80C89 /* Sources */ = {
			isa = PBXSourcesBuildPhase;
			buildActionMask = 2147483647;
			files = (
				A26E54681CB5AB1600D80C89 /* Phun_AppTests.m in Sources */,
			);
			runOnlyForDeploymentPostprocessing = 0;
		};
		A26E546A1CB5AB1600D80C89 /* Sources */ = {
			isa = PBXSourcesBuildPhase;
			buildActionMask = 2147483647;
			files = (
				A26E54731CB5AB1600D80C89 /* Phun_AppUITests.m in Sources */,
			);
			runOnlyForDeploymentPostprocessing = 0;
		};
/* End PBXSourcesBuildPhase section */

/* Begin PBXTargetDependency section */
		A26E54651CB5AB1600D80C89 /* PBXTargetDependency */ = {
			isa = PBXTargetDependency;
			target = A26E54491CB5AB1500D80C89 /* Phun App */;
			targetProxy = A26E54641CB5AB1600D80C89 /* PBXContainerItemProxy */;
		};
		A26E54701CB5AB1600D80C89 /* PBXTargetDependency */ = {
			isa = PBXTargetDependency;
			target = A26E54491CB5AB1500D80C89 /* Phun App */;
			targetProxy = A26E546F1CB5AB1600D80C89 /* PBXContainerItemProxy */;
		};
/* End PBXTargetDependency section */

/* Begin PBXVariantGroup section */
		A26E54561CB5AB1500D80C89 /* Main.storyboard */ = {
			isa = PBXVariantGroup;
			children = (
				A26E54571CB5AB1500D80C89 /* Base */,
			);
			name = Main.storyboard;
			path = ..;
			sourceTree = "<group>";
		};
		A26E545B1CB5AB1500D80C89 /* LaunchScreen.storyboard */ = {
			isa = PBXVariantGroup;
			children = (
				A26E545C1CB5AB1500D80C89 /* Base */,
			);
			name = LaunchScreen.storyboard;
			path = ..;
			sourceTree = "<group>";
		};
/* End PBXVariantGroup section */

/* Begin XCBuildConfiguration section */
		A26E54751CB5AB1600D80C89 /* Debug */ = {
			isa = XCBuildConfiguration;
			buildSettings = {
				ALWAYS_SEARCH_USER_PATHS = NO;
				CLANG_ANALYZER_NONNULL = YES;
				CLANG_CXX_LANGUAGE_STANDARD = "gnu++0x";
				CLANG_CXX_LIBRARY = "libc++";
				CLANG_ENABLE_MODULES = YES;
				CLANG_ENABLE_OBJC_ARC = YES;
				CLANG_WARN_BOOL_CONVERSION = YES;
				CLANG_WARN_CONSTANT_CONVERSION = YES;
				CLANG_WARN_DIRECT_OBJC_ISA_USAGE = YES_ERROR;
				CLANG_WARN_EMPTY_BODY = YES;
				CLANG_WARN_ENUM_CONVERSION = YES;
				CLANG_WARN_INT_CONVERSION = YES;
				CLANG_WARN_OBJC_ROOT_CLASS = YES_ERROR;
				CLANG_WARN_UNREACHABLE_CODE = YES;
				CLANG_WARN__DUPLICATE_METHOD_MATCH = YES;
				"CODE_SIGN_IDENTITY[sdk=iphoneos*]" = "iPhone Developer";
				COPY_PHASE_STRIP = NO;
				DEBUG_INFORMATION_FORMAT = dwarf;
				ENABLE_STRICT_OBJC_MSGSEND = YES;
				ENABLE_TESTABILITY = YES;
				GCC_C_LANGUAGE_STANDARD = gnu99;
				GCC_DYNAMIC_NO_PIC = NO;
				GCC_NO_COMMON_BLOCKS = YES;
				GCC_OPTIMIZATION_LEVEL = 0;
				GCC_PREPROCESSOR_DEFINITIONS = (
					"DEBUG=1",
					"$(inherited)",
				);
				GCC_WARN_64_TO_32_BIT_CONVERSION = YES;
				GCC_WARN_ABOUT_RETURN_TYPE = YES_ERROR;
				GCC_WARN_UNDECLARED_SELECTOR = YES;
				GCC_WARN_UNINITIALIZED_AUTOS = YES_AGGRESSIVE;
				GCC_WARN_UNUSED_FUNCTION = YES;
				GCC_WARN_UNUSED_VARIABLE = YES;
				IPHONEOS_DEPLOYMENT_TARGET = 9.3;
				MTL_ENABLE_DEBUG_INFO = YES;
				ONLY_ACTIVE_ARCH = YES;
				SDKROOT = iphoneos;
			};
			name = Debug;
		};
		A26E54761CB5AB1600D80C89 /* Release */ = {
			isa = XCBuildConfiguration;
			buildSettings = {
				ALWAYS_SEARCH_USER_PATHS = NO;
				CLANG_ANALYZER_NONNULL = YES;
				CLANG_CXX_LANGUAGE_STANDARD = "gnu++0x";
				CLANG_CXX_LIBRARY = "libc++";
				CLANG_ENABLE_MODULES = YES;
				CLANG_ENABLE_OBJC_ARC = YES;
				CLANG_WARN_BOOL_CONVERSION = YES;
				CLANG_WARN_CONSTANT_CONVERSION = YES;
				CLANG_WARN_DIRECT_OBJC_ISA_USAGE = YES_ERROR;
				CLANG_WARN_EMPTY_BODY = YES;
				CLANG_WARN_ENUM_CONVERSION = YES;
				CLANG_WARN_INT_CONVERSION = YES;
				CLANG_WARN_OBJC_ROOT_CLASS = YES_ERROR;
				CLANG_WARN_UNREACHABLE_CODE = YES;
				CLANG_WARN__DUPLICATE_METHOD_MATCH = YES;
				"CODE_SIGN_IDENTITY[sdk=iphoneos*]" = "iPhone Developer";
				COPY_PHASE_STRIP = NO;
				DEBUG_INFORMATION_FORMAT = "dwarf-with-dsym";
				ENABLE_NS_ASSERTIONS = NO;
				ENABLE_STRICT_OBJC_MSGSEND = YES;
				GCC_C_LANGUAGE_STANDARD = gnu99;
				GCC_NO_COMMON_BLOCKS = YES;
				GCC_WARN_64_TO_32_BIT_CONVERSION = YES;
				GCC_WARN_ABOUT_RETURN_TYPE = YES_ERROR;
				GCC_WARN_UNDECLARED_SELECTOR = YES;
				GCC_WARN_UNINITIALIZED_AUTOS = YES_AGGRESSIVE;
				GCC_WARN_UNUSED_FUNCTION = YES;
				GCC_WARN_UNUSED_VARIABLE = YES;
				IPHONEOS_DEPLOYMENT_TARGET = 9.3;
				MTL_ENABLE_DEBUG_INFO = NO;
				SDKROOT = iphoneos;
				VALIDATE_PRODUCT = YES;
			};
			name = Release;
		};
		A26E54781CB5AB1600D80C89 /* Debug */ = {
			isa = XCBuildConfiguration;
			baseConfigurationReference = A4483F80D9E80547D1E50358 /* Pods-Phun App.debug.xcconfig */;
			buildSettings = {
				ASSETCATALOG_COMPILER_APPICON_NAME = AppIcon;
				INFOPLIST_FILE = "Phun App/Info.plist";
				IPHONEOS_DEPLOYMENT_TARGET = 8.0;
				LD_RUNPATH_SEARCH_PATHS = "$(inherited) @executable_path/Frameworks";
				PRODUCT_BUNDLE_IDENTIFIER = "com.applaudo.Phun-App";
				PRODUCT_NAME = "$(TARGET_NAME)";
				TARGETED_DEVICE_FAMILY = "1,2";
			};
			name = Debug;
		};
		A26E54791CB5AB1600D80C89 /* Release */ = {
			isa = XCBuildConfiguration;
			baseConfigurationReference = 24C5566828FEBF86D8FB43C9 /* Pods-Phun App.release.xcconfig */;
			buildSettings = {
				ASSETCATALOG_COMPILER_APPICON_NAME = AppIcon;
				INFOPLIST_FILE = "Phun App/Info.plist";
				IPHONEOS_DEPLOYMENT_TARGET = 8.0;
				LD_RUNPATH_SEARCH_PATHS = "$(inherited) @executable_path/Frameworks";
				PRODUCT_BUNDLE_IDENTIFIER = "com.applaudo.Phun-App";
				PRODUCT_NAME = "$(TARGET_NAME)";
				TARGETED_DEVICE_FAMILY = "1,2";
			};
			name = Release;
		};
		A26E547B1CB5AB1600D80C89 /* Debug */ = {
			isa = XCBuildConfiguration;
			buildSettings = {
				BUNDLE_LOADER = "$(TEST_HOST)";
				INFOPLIST_FILE = "Phun AppTests/Info.plist";
				LD_RUNPATH_SEARCH_PATHS = "$(inherited) @executable_path/Frameworks @loader_path/Frameworks";
				PRODUCT_BUNDLE_IDENTIFIER = "com.applaudo.Phun-AppTests";
				PRODUCT_NAME = "$(TARGET_NAME)";
				TEST_HOST = "$(BUILT_PRODUCTS_DIR)/Phun App.app/Phun App";
			};
			name = Debug;
		};
		A26E547C1CB5AB1600D80C89 /* Release */ = {
			isa = XCBuildConfiguration;
			buildSettings = {
				BUNDLE_LOADER = "$(TEST_HOST)";
				INFOPLIST_FILE = "Phun AppTests/Info.plist";
				LD_RUNPATH_SEARCH_PATHS = "$(inherited) @executable_path/Frameworks @loader_path/Frameworks";
				PRODUCT_BUNDLE_IDENTIFIER = "com.applaudo.Phun-AppTests";
				PRODUCT_NAME = "$(TARGET_NAME)";
				TEST_HOST = "$(BUILT_PRODUCTS_DIR)/Phun App.app/Phun App";
			};
			name = Release;
		};
		A26E547E1CB5AB1600D80C89 /* Debug */ = {
			isa = XCBuildConfiguration;
			buildSettings = {
				INFOPLIST_FILE = "Phun AppUITests/Info.plist";
				LD_RUNPATH_SEARCH_PATHS = "$(inherited) @executable_path/Frameworks @loader_path/Frameworks";
				PRODUCT_BUNDLE_IDENTIFIER = "com.applaudo.Phun-AppUITests";
				PRODUCT_NAME = "$(TARGET_NAME)";
				TEST_TARGET_NAME = "Phun App";
			};
			name = Debug;
		};
		A26E547F1CB5AB1600D80C89 /* Release */ = {
			isa = XCBuildConfiguration;
			buildSettings = {
				INFOPLIST_FILE = "Phun AppUITests/Info.plist";
				LD_RUNPATH_SEARCH_PATHS = "$(inherited) @executable_path/Frameworks @loader_path/Frameworks";
				PRODUCT_BUNDLE_IDENTIFIER = "com.applaudo.Phun-AppUITests";
				PRODUCT_NAME = "$(TARGET_NAME)";
				TEST_TARGET_NAME = "Phun App";
			};
			name = Release;
		};
/* End XCBuildConfiguration section */

/* Begin XCConfigurationList section */
		A26E54451CB5AB1500D80C89 /* Build configuration list for PBXProject "Phun App" */ = {
			isa = XCConfigurationList;
			buildConfigurations = (
				A26E54751CB5AB1600D80C89 /* Debug */,
				A26E54761CB5AB1600D80C89 /* Release */,
			);
			defaultConfigurationIsVisible = 0;
			defaultConfigurationName = Release;
		};
		A26E54771CB5AB1600D80C89 /* Build configuration list for PBXNativeTarget "Phun App" */ = {
			isa = XCConfigurationList;
			buildConfigurations = (
				A26E54781CB5AB1600D80C89 /* Debug */,
				A26E54791CB5AB1600D80C89 /* Release */,
			);
			defaultConfigurationIsVisible = 0;
			defaultConfigurationName = Release;
		};
		A26E547A1CB5AB1600D80C89 /* Build configuration list for PBXNativeTarget "Phun AppTests" */ = {
			isa = XCConfigurationList;
			buildConfigurations = (
				A26E547B1CB5AB1600D80C89 /* Debug */,
				A26E547C1CB5AB1600D80C89 /* Release */,
			);
			defaultConfigurationIsVisible = 0;
			defaultConfigurationName = Release;
		};
		A26E547D1CB5AB1600D80C89 /* Build configuration list for PBXNativeTarget "Phun AppUITests" */ = {
			isa = XCConfigurationList;
			buildConfigurations = (
				A26E547E1CB5AB1600D80C89 /* Debug */,
				A26E547F1CB5AB1600D80C89 /* Release */,
			);
			defaultConfigurationIsVisible = 0;
			defaultConfigurationName = Release;
		};
/* End XCConfigurationList section */

/* Begin XCVersionGroup section */
		A26E549F1CB5BE1600D80C89 /* Model.xcdatamodeld */ = {
			isa = XCVersionGroup;
			children = (
				A26E54A01CB5BE1600D80C89 /* Model.xcdatamodel */,
			);
			currentVersion = A26E54A01CB5BE1600D80C89 /* Model.xcdatamodel */;
			path = Model.xcdatamodeld;
			sourceTree = "<group>";
			versionGroupType = wrapper.xcdatamodel;
		};
/* End XCVersionGroup section */
	};
	rootObject = A26E54421CB5AB1500D80C89 /* Project object */;
}
